# This file is automatically @generated by Cargo.
# It is not intended for manual editing.
version = 4

[[package]]
name = "autocfg"
version = "1.3.0"
source = "registry+https://github.com/rust-lang/crates.io-index"
checksum = "0c4b4d0bd25bd0b74681c0ad21497610ce1b7c91b1022cd21c80c6fbdd9476b0"

[[package]]
name = "bitflags"
version = "2.5.0"
source = "registry+https://github.com/rust-lang/crates.io-index"
checksum = "cf4b9d6a944f767f8e5e0db018570623c85f3d925ac718db4e06d0187adb21c1"

[[package]]
name = "cc"
version = "1.2.17"
source = "registry+https://github.com/rust-lang/crates.io-index"
checksum = "1fcb57c740ae1daf453ae85f16e37396f672b039e00d9d866e07ddb24e328e3a"
dependencies = [
 "shlex",
]

[[package]]
name = "chess"
version = "0.1.0"
dependencies = [
 "grid",
 "sfml",
]

[[package]]
name = "cmake"
version = "0.1.54"
source = "registry+https://github.com/rust-lang/crates.io-index"
checksum = "e7caa3f9de89ddbe2c607f4101924c5abec803763ae9534e4f4d7d8f84aa81f0"
dependencies = [
 "cc",
]

[[package]]
name = "grid"
version = "0.11.0"
source = "registry+https://github.com/rust-lang/crates.io-index"
checksum = "1df00eed8d1f0db937f6be10e46e8072b0671accb504cf0f959c5c52c679f5b9"

[[package]]
name = "libc"
version = "0.2.171"
source = "registry+https://github.com/rust-lang/crates.io-index"
checksum = "c19937216e9d3aa9956d9bb8dfc0b0c8beb6058fc4f7a4dc4d850edf86a237d6"

[[package]]
name = "libflac-sys"
version = "0.3.1"
source = "registry+https://github.com/rust-lang/crates.io-index"
checksum = "5b0d9b582c1affe84b051d5a0faf3665e4da0c0b7b0e3b391213e3a5a670365b"
dependencies = [
 "cmake",
 "libc",
]

[[package]]
name = "link-cplusplus"
version = "1.0.9"
source = "registry+https://github.com/rust-lang/crates.io-index"
checksum = "9d240c6f7e1ba3a28b0249f774e6a9dd0175054b52dfbb61b16eb8505c3785c9"
dependencies = [
 "cc",
]

[[package]]
name = "num-traits"
version = "0.2.19"
source = "registry+https://github.com/rust-lang/crates.io-index"
checksum = "071dfc062690e90b734c0b2273ce72ad0ffa95f0c74596bc250dcfd960262841"
dependencies = [
 "autocfg",
]

[[package]]
name = "pkg-config"
version = "0.3.32"
source = "registry+https://github.com/rust-lang/crates.io-index"
checksum = "7edddbd0b52d732b21ad9a5fab5c704c14cd949e5e9a1ec5929a24fded1b904c"

[[package]]
name = "sfml"
version = "0.24.0"
source = "registry+https://github.com/rust-lang/crates.io-index"
checksum = "941169c8be33fd81c006591c0dff6056f94bca0bff6057a262ba946bdb6dc0ed"
dependencies = [
 "bitflags",
 "cc",
 "cmake",
 "libflac-sys",
 "link-cplusplus",
 "num-traits",
 "pkg-config",
 "widestring",
]

[[package]]
name = "shlex"
version = "1.3.0"
source = "registry+https://github.com/rust-lang/crates.io-index"
checksum = "0fda2ff0d084019ba4d7c6f371c95d8fd75ce3524c3cb8fb653a3023f6323e64"

[[package]]
name = "widestring"
version = "1.1.0"
source = "registry+https://github.com/rust-lang/crates.io-index"
checksum = "7219d36b6eac893fa81e84ebe06485e7dcbb616177469b142df14f1f4deb1311"
